// !$*UTF8*$!
{
	archiveVersion = 1;
	classes = {
	};
	objectVersion = 46;
	objects = {

/* Begin PBXBuildFile section */
		96BDFF8F1CD7FB5600FAECFB /* main.m in Sources */ = {isa = PBXBuildFile; fileRef = 96BDFF8E1CD7FB5600FAECFB /* main.m */; };
/* End PBXBuildFile section */

/* Begin PBXCopyFilesBuildPhase section */
		96BDFF891CD7FB5600FAECFB /* CopyFiles */ = {
			isa = PBXCopyFilesBuildPhase;
			buildActionMask = 2147483647;
			dstPath = /usr/share/man/man1/;
			dstSubfolderSpec = 0;
			files = (
			);
			runOnlyForDeploymentPostprocessing = 1;
		};
/* End PBXCopyFilesBuildPhase section */

/* Begin PBXFileReference section */
		96BDFF8B1CD7FB5600FAECFB /* SimpleStringManipulation */ = {isa = PBXFileReference; explicitFileType = "compiled.mach-o.executable"; includeInIndex = 0; path = SimpleStringManipulation; sourceTree = BUILT_PRODUCTS_DIR; };
		96BDFF8E1CD7FB5600FAECFB /* main.m */ = {isa = PBXFileReference; lastKnownFileType = sourcecode.c.objc; path = main.m; sourceTree = "<group>"; };
/* End PBXFileReference section */

/* Begin PBXFrameworksBuildPhase section */
		96BDFF881CD7FB5600FAECFB /* Frameworks */ = {
			isa = PBXFrameworksBuildPhase;
			buildActionMask = 2147483647;
			files = (
			);
			runOnlyForDeploymentPostprocessing = 0;
		};
/* End PBXFrameworksBuildPhase section */

/* Begin PBXGroup section */
		96BDFF821CD7FB5600FAECFB = {
			isa = PBXGroup;
			children = (
				96BDFF8D1CD7FB5600FAECFB /* SimpleStringManipulation */,
				96BDFF8C1CD7FB5600FAECFB /* Products */,
			);
			sourceTree = "<group>";
		};
		96BDFF8C1CD7FB5600FAECFB /* Products */ = {
			isa = PBXGroup;
			children = (
				96BDFF8B1CD7FB5600FAECFB /* SimpleStringManipulation */,
			);
			name = Products;
			sourceTree = "<group>";
		};
		96BDFF8D1CD7FB5600FAECFB /* SimpleStringManipulation */ = {
			isa = PBXGroup;
			children = (
				96BDFF8E1CD7FB5600FAECFB /* main.m */,
			);
			path = SimpleStringManipulation;
			sourceTree = "<group>";
		};
/* End PBXGroup section */

/* Begin PBXNativeTarget section */
		96BDFF8A1CD7FB5600FAECFB /* SimpleStringManipulation */ = {
			isa = PBXNativeTarget;
			buildConfigurationList = 96BDFF921CD7FB5600FAECFB /* Build configuration list for PBXNativeTarget "SimpleStringManipulation" */;
			buildPhases = (
				96BDFF871CD7FB5600FAECFB /* Sources */,
				96BDFF881CD7FB5600FAECFB /* Frameworks */,
				96BDFF891CD7FB5600FAECFB /* CopyFiles */,
			);
			buildRules = (
			);
			dependencies = (
			);
			name = SimpleStringManipulation;
			productName = SimpleStringManipulation;
			productReference = 96BDFF8B1CD7FB5600FAECFB /* SimpleStringManipulation */;
			productType = "com.apple.product-type.tool";
		};
/* End PBXNativeTarget section */

/* Begin PBXProject section */
		96BDFF831CD7FB5600FAECFB /* Project object */ = {
			isa = PBXProject;
			attributes = {
				LastUpgradeCheck = 0730;
				ORGANIZATIONNAME = "Asuka Nakagawa";
				TargetAttributes = {
					96BDFF8A1CD7FB5600FAECFB = {
						CreatedOnToolsVersion = 7.3;
					};
				};
			};
			buildConfigurationList = 96BDFF861CD7FB5600FAECFB /* Build configuration list for PBXProject "SimpleStringManipulation" */;
			compatibilityVersion = "Xcode 3.2";
			developmentRegion = English;
			hasScannedForEncodings = 0;
			knownRegions = (
				en,
			);
			mainGroup = 96BDFF821CD7FB5600FAECFB;
			productRefGroup = 96BDFF8C1CD7FB5600FAECFB /* Products */;
			projectDirPath = "";
			projectRoot = "";
			targets = (
				96BDFF8A1CD7FB5600FAECFB /* SimpleStringManipulation */,
			);
		};
/* End PBXProject section */

/* Begin PBXSourcesBuildPhase section */
		96BDFF871CD7FB5600FAECFB /* Sources */ = {
			isa = PBXSourcesBuildPhase;
			buildActionMask = 2147483647;
			files = (
				96BDFF8F1CD7FB5600FAECFB /* main.m in Sources */,
			);
			runOnlyForDeploymentPostprocessing = 0;
		};
/* End PBXSourcesBuildPhase section */

/* Begin XCBuildConfiguration section */
		96BDFF901CD7FB5600FAECFB /* Debug */ = {
			isa = XCBuildConfiguration;
			buildSettings = {
				ALWAYS_SEARCH_USER_PATHS = NO;
				CLANG_ANALYZER_NONNULL = YES;
				CLANG_CXX_LANGUAGE_STANDARD = "gnu++0x";
				CLANG_CXX_LIBRARY = "libc++";
				CLANG_ENABLE_MODULES = YES;
				CLANG_ENABLE_OBJC_ARC = YES;
				CLANG_WARN_BOOL_CONVERSION = YES;
				CLANG_WARN_CONSTANT_CONVERSION = YES;
				CLANG_WARN_DIRECT_OBJC_ISA_USAGE = YES_ERROR;
				CLANG_WARN_EMPTY_BODY = YES;
				CLANG_WARN_ENUM_CONVERSION = YES;
				CLANG_WARN_INT_CONVERSION = YES;
				CLANG_WARN_OBJC_ROOT_CLASS = YES_ERROR;
				CLANG_WARN_UNREACHABLE_CODE = YES;
				CLANG_WARN__DUPLICATE_METHOD_MATCH = YES;
				CODE_SIGN_IDENTITY = "-";
				COPY_PHASE_STRIP = NO;
				DEBUG_INFORMATION_FORMAT = dwarf;
				ENABLE_STRICT_OBJC_MSGSEND = YES;
				ENABLE_TESTABILITY = YES;
				GCC_C_LANGUAGE_STANDARD = gnu99;
				GCC_DYNAMIC_NO_PIC = NO;
				GCC_NO_COMMON_BLOCKS = YES;
				GCC_OPTIMIZATION_LEVEL = 0;
				GCC_PREPROCESSOR_DEFINITIONS = (
					"DEBUG=1",
					"$(inherited)",
				);
				GCC_WARN_64_TO_32_BIT_CONVERSION = YES;
				GCC_WARN_ABOUT_RETURN_TYPE = YES_ERROR;
				GCC_WARN_UNDECLARED_SELECTOR = YES;
				GCC_WARN_UNINITIALIZED_AUTOS = YES_AGGRESSIVE;
				GCC_WARN_UNUSED_FUNCTION = YES;
				GCC_WARN_UNUSED_VARIABLE = YES;
				MACOSX_DEPLOYMENT_TARGET = 10.11;
				MTL_ENABLE_DEBUG_INFO = YES;
				ONLY_ACTIVE_ARCH = YES;
				SDKROOT = macosx;
			};
			name = Debug;
		};
		96BDFF911CD7FB5600FAECFB /* Release */ = {
			isa = XCBuildConfiguration;
			buildSettings = {
				ALWAYS_SEARCH_USER_PATHS = NO;
				CLANG_ANALYZER_NONNULL = YES;
				CLANG_CXX_LANGUAGE_STANDARD = "gnu++0x";
				CLANG_CXX_LIBRARY = "libc++";
				CLANG_ENABLE_MODULES = YES;
				CLANG_ENABLE_OBJC_ARC = YES;
				CLANG_WARN_BOOL_CONVERSION = YES;
				CLANG_WARN_CONSTANT_CONVERSION = YES;
				CLANG_WARN_DIRECT_OBJC_ISA_USAGE = YES_ERROR;
				CLANG_WARN_EMPTY_BODY = YES;
				CLANG_WARN_ENUM_CONVERSION = YES;
				CLANG_WARN_INT_CONVERSION = YES;
				CLANG_WARN_OBJC_ROOT_CLASS = YES_ERROR;
				CLANG_WARN_UNREACHABLE_CODE = YES;
				CLANG_WARN__DUPLICATE_METHOD_MATCH = YES;
				CODE_SIGN_IDENTITY = "-";
				COPY_PHASE_STRIP = NO;
				DEBUG_INFORMATION_FORMAT = "dwarf-with-dsym";
				ENABLE_NS_ASSERTIONS = NO;
				ENABLE_STRICT_OBJC_MSGSEND = YES;
				GCC_C_LANGUAGE_STANDARD = gnu99;
				GCC_NO_COMMON_BLOCKS = YES;
				GCC_WARN_64_TO_32_BIT_CONVERSION = YES;
				GCC_WARN_ABOUT_RETURN_TYPE = YES_ERROR;
				GCC_WARN_UNDECLARED_SELECTOR = YES;
				GCC_WARN_UNINITIALIZED_AUTOS = YES_AGGRESSIVE;
				GCC_WARN_UNUSED_FUNCTION = YES;
				GCC_WARN_UNUSED_VARIABLE = YES;
				MACOSX_DEPLOYMENT_TARGET = 10.11;
				MTL_ENABLE_DEBUG_INFO = NO;
				SDKROOT = macosx;
			};
			name = Release;
		};
		96BDFF931CD7FB5600FAECFB /* Debug */ = {
			isa = XCBuildConfiguration;
			buildSettings = {
				PRODUCT_NAME = "$(TARGET_NAME)";
			};
			name = Debug;
		};
		96BDFF941CD7FB5600FAECFB /* Release */ = {
			isa = XCBuildConfiguration;
			buildSettings = {
				PRODUCT_NAME = "$(TARGET_NAME)";
			};
			name = Release;
		};
/* End XCBuildConfiguration section */

/* Begin XCConfigurationList section */
		96BDFF861CD7FB5600FAECFB /* Build configuration list for PBXProject "SimpleStringManipulation" */ = {
			isa = XCConfigurationList;
			buildConfigurations = (
				96BDFF901CD7FB5600FAECFB /* Debug */,
				96BDFF911CD7FB5600FAECFB /* Release */,
			);
			defaultConfigurationIsVisible = 0;
			defaultConfigurationName = Release;
		};
		96BDFF921CD7FB5600FAECFB /* Build configuration list for PBXNativeTarget "SimpleStringManipulation" */ = {
			isa = XCConfigurationList;
			buildConfigurations = (
				96BDFF931CD7FB5600FAECFB /* Debug */,
				96BDFF941CD7FB5600FAECFB /* Release */,
			);
			defaultConfigurationIsVisible = 0;
		};
/* End XCConfigurationList section */
	};
	rootObject = 96BDFF831CD7FB5600FAECFB /* Project object */;
}
